
Microsoft Visual Studio Solution File, Format Version 12.00
# Visual Studio 15
VisualStudioVersion = 15.0.28307.421
MinimumVisualStudioVersion = 10.0.40219.1
Project("{FAE04EC0-301F-11D3-BF4B-00C04F79EFBC}") = "gittraning", "gittraning\gittraning.csproj", "{B56F5284-E6DD-44DF-BE1C-A8AE67AB9381}"
EndProject
Global
	GlobalSection(SolutionConfigurationPlatforms) = preSolution
		Debug|Any CPU = Debug|Any CPU
		Release|Any CPU = Release|Any CPU
	EndGlobalSection
	GlobalSection(ProjectConfigurationPlatforms) = postSolution
		{B56F5284-E6DD-44DF-BE1C-A8AE67AB9381}.Debug|Any CPU.ActiveCfg = Debug|Any CPU
		{B56F5284-E6DD-44DF-BE1C-A8AE67AB9381}.Debug|Any CPU.Build.0 = Debug|Any CPU
		{B56F5284-E6DD-44DF-BE1C-A8AE67AB9381}.Release|Any CPU.ActiveCfg = Release|Any CPU
		{B56F5284-E6DD-44DF-BE1C-A8AE67AB9381}.Release|Any CPU.Build.0 = Release|Any CPU
	EndGlobalSection
	GlobalSection(SolutionProperties) = preSolution
		HideSolutionNode = FALSE
	EndGlobalSection
	GlobalSection(ExtensibilityGlobals) = postSolution
		SolutionGuid = {441EA659-FD91-47D9-AE07-5A47FBE85917}
	EndGlobalSection
EndGlobal
